
Microsoft Visual Studio Solution File, Format Version 12.00
# Visual Studio Version 17
VisualStudioVersion = 17.8.34330.188
MinimumVisualStudioVersion = 10.0.40219.1
Project("{FAE04EC0-301F-11D3-BF4B-00C04F79EFBC}") = "bebrs", "bebrs\bebrs.csproj", "{B2B9ABCF-540F-460A-8C8C-01756C60D4EC}"
EndProject
Global
	GlobalSection(SolutionConfigurationPlatforms) = preSolution
		Debug|Any CPU = Debug|Any CPU
		Release|Any CPU = Release|Any CPU
	EndGlobalSection
	GlobalSection(ProjectConfigurationPlatforms) = postSolution
		{B2B9ABCF-540F-460A-8C8C-01756C60D4EC}.Debug|Any CPU.ActiveCfg = Debug|Any CPU
		{B2B9ABCF-540F-460A-8C8C-01756C60D4EC}.Debug|Any CPU.Build.0 = Debug|Any CPU
		{B2B9ABCF-540F-460A-8C8C-01756C60D4EC}.Release|Any CPU.ActiveCfg = Release|Any CPU
		{B2B9ABCF-540F-460A-8C8C-01756C60D4EC}.Release|Any CPU.Build.0 = Release|Any CPU
	EndGlobalSection
	GlobalSection(SolutionProperties) = preSolution
		HideSolutionNode = FALSE
	EndGlobalSection
	GlobalSection(ExtensibilityGlobals) = postSolution
		SolutionGuid = {AE7517A2-E586-493D-88B9-7EAC3DF4D181}
	EndGlobalSection
EndGlobal
